// !$*UTF8*$!
{
	archiveVersion = 1;
	classes = {
	};
	objectVersion = 50;
	objects = {

/* Begin PBXBuildFile section */
		1015891F03D24ACCC4C3BAC7 /* Pods_tumblrFeedTests.framework in Frameworks */ = {isa = PBXBuildFile; fileRef = 7452FD02D2690A0FF334142D /* Pods_tumblrFeedTests.framework */; };
		2854DE7F213A13FA00C68F92 /* PhotosViewController.swift in Sources */ = {isa = PBXBuildFile; fileRef = 2854DE7E213A13FA00C68F92 /* PhotosViewController.swift */; };
		287C0938213A0F6700FECBD9 /* AppDelegate.swift in Sources */ = {isa = PBXBuildFile; fileRef = 287C0937213A0F6700FECBD9 /* AppDelegate.swift */; };
		287C093D213A0F6700FECBD9 /* Main.storyboard in Resources */ = {isa = PBXBuildFile; fileRef = 287C093B213A0F6700FECBD9 /* Main.storyboard */; };
		287C093F213A0F6800FECBD9 /* Assets.xcassets in Resources */ = {isa = PBXBuildFile; fileRef = 287C093E213A0F6800FECBD9 /* Assets.xcassets */; };
		287C0942213A0F6800FECBD9 /* LaunchScreen.storyboard in Resources */ = {isa = PBXBuildFile; fileRef = 287C0940213A0F6800FECBD9 /* LaunchScreen.storyboard */; };
		287C094D213A0F6800FECBD9 /* tumblrFeedTests.swift in Sources */ = {isa = PBXBuildFile; fileRef = 287C094C213A0F6800FECBD9 /* tumblrFeedTests.swift */; };
		287C0958213A0F6800FECBD9 /* tumblrFeedUITests.swift in Sources */ = {isa = PBXBuildFile; fileRef = 287C0957213A0F6800FECBD9 /* tumblrFeedUITests.swift */; };
		7E6627FED604F50909754FE2 /* Pods_tumblrFeedUITests.framework in Frameworks */ = {isa = PBXBuildFile; fileRef = 9F00D1913224E6B2571B8FA2 /* Pods_tumblrFeedUITests.framework */; };
		DBD9CFC6DECB228C19F69E59 /* Pods_tumblrFeed.framework in Frameworks */ = {isa = PBXBuildFile; fileRef = F9717DAC46CC2D387E63FB31 /* Pods_tumblrFeed.framework */; };
/* End PBXBuildFile section */

/* Begin PBXContainerItemProxy section */
		287C0949213A0F6800FECBD9 /* PBXContainerItemProxy */ = {
			isa = PBXContainerItemProxy;
			containerPortal = 287C092C213A0F6700FECBD9 /* Project object */;
			proxyType = 1;
			remoteGlobalIDString = 287C0933213A0F6700FECBD9;
			remoteInfo = tumblrFeed;
		};
		287C0954213A0F6800FECBD9 /* PBXContainerItemProxy */ = {
			isa = PBXContainerItemProxy;
			containerPortal = 287C092C213A0F6700FECBD9 /* Project object */;
			proxyType = 1;
			remoteGlobalIDString = 287C0933213A0F6700FECBD9;
			remoteInfo = tumblrFeed;
		};
/* End PBXContainerItemProxy section */

/* Begin PBXFileReference section */
		06090FEFBBA47354BA26798B /* Pods-tumblrFeedUITests.debug.xcconfig */ = {isa = PBXFileReference; includeInIndex = 1; lastKnownFileType = text.xcconfig; name = "Pods-tumblrFeedUITests.debug.xcconfig"; path = "Pods/Target Support Files/Pods-tumblrFeedUITests/Pods-tumblrFeedUITests.debug.xcconfig"; sourceTree = "<group>"; };
		2854DE7E213A13FA00C68F92 /* PhotosViewController.swift */ = {isa = PBXFileReference; lastKnownFileType = sourcecode.swift; path = PhotosViewController.swift; sourceTree = "<group>"; };
		287C0934213A0F6700FECBD9 /* tumblrFeed.app */ = {isa = PBXFileReference; explicitFileType = wrapper.application; includeInIndex = 0; path = tumblrFeed.app; sourceTree = BUILT_PRODUCTS_DIR; };
		287C0937213A0F6700FECBD9 /* AppDelegate.swift */ = {isa = PBXFileReference; lastKnownFileType = sourcecode.swift; path = AppDelegate.swift; sourceTree = "<group>"; };
		287C093C213A0F6700FECBD9 /* Base */ = {isa = PBXFileReference; lastKnownFileType = file.storyboard; name = Base; path = Base.lproj/Main.storyboard; sourceTree = "<group>"; };
		287C093E213A0F6800FECBD9 /* Assets.xcassets */ = {isa = PBXFileReference; lastKnownFileType = folder.assetcatalog; path = Assets.xcassets; sourceTree = "<group>"; };
		287C0941213A0F6800FECBD9 /* Base */ = {isa = PBXFileReference; lastKnownFileType = file.storyboard; name = Base; path = Base.lproj/LaunchScreen.storyboard; sourceTree = "<group>"; };
		287C0943213A0F6800FECBD9 /* Info.plist */ = {isa = PBXFileReference; lastKnownFileType = text.plist.xml; path = Info.plist; sourceTree = "<group>"; };
		287C0948213A0F6800FECBD9 /* tumblrFeedTests.xctest */ = {isa = PBXFileReference; explicitFileType = wrapper.cfbundle; includeInIndex = 0; path = tumblrFeedTests.xctest; sourceTree = BUILT_PRODUCTS_DIR; };
		287C094C213A0F6800FECBD9 /* tumblrFeedTests.swift */ = {isa = PBXFileReference; lastKnownFileType = sourcecode.swift; path = tumblrFeedTests.swift; sourceTree = "<group>"; };
		287C094E213A0F6800FECBD9 /* Info.plist */ = {isa = PBXFileReference; lastKnownFileType = text.plist.xml; path = Info.plist; sourceTree = "<group>"; };
		287C0953213A0F6800FECBD9 /* tumblrFeedUITests.xctest */ = {isa = PBXFileReference; explicitFileType = wrapper.cfbundle; includeInIndex = 0; path = tumblrFeedUITests.xctest; sourceTree = BUILT_PRODUCTS_DIR; };
		287C0957213A0F6800FECBD9 /* tumblrFeedUITests.swift */ = {isa = PBXFileReference; lastKnownFileType = sourcecode.swift; path = tumblrFeedUITests.swift; sourceTree = "<group>"; };
		287C0959213A0F6800FECBD9 /* Info.plist */ = {isa = PBXFileReference; lastKnownFileType = text.plist.xml; path = Info.plist; sourceTree = "<group>"; };
		32C9161509010109B02AB13C /* Pods-tumblrFeedTests.release.xcconfig */ = {isa = PBXFileReference; includeInIndex = 1; lastKnownFileType = text.xcconfig; name = "Pods-tumblrFeedTests.release.xcconfig"; path = "Pods/Target Support Files/Pods-tumblrFeedTests/Pods-tumblrFeedTests.release.xcconfig"; sourceTree = "<group>"; };
		37FBA8FFCB8B0B5869A53826 /* Pods-tumblrFeed.release.xcconfig */ = {isa = PBXFileReference; includeInIndex = 1; lastKnownFileType = text.xcconfig; name = "Pods-tumblrFeed.release.xcconfig"; path = "Pods/Target Support Files/Pods-tumblrFeed/Pods-tumblrFeed.release.xcconfig"; sourceTree = "<group>"; };
		7452FD02D2690A0FF334142D /* Pods_tumblrFeedTests.framework */ = {isa = PBXFileReference; explicitFileType = wrapper.framework; includeInIndex = 0; path = Pods_tumblrFeedTests.framework; sourceTree = BUILT_PRODUCTS_DIR; };
		747E16489FF58C6E5C9EA6E9 /* Pods-tumblrFeedUITests.release.xcconfig */ = {isa = PBXFileReference; includeInIndex = 1; lastKnownFileType = text.xcconfig; name = "Pods-tumblrFeedUITests.release.xcconfig"; path = "Pods/Target Support Files/Pods-tumblrFeedUITests/Pods-tumblrFeedUITests.release.xcconfig"; sourceTree = "<group>"; };
		9F00D1913224E6B2571B8FA2 /* Pods_tumblrFeedUITests.framework */ = {isa = PBXFileReference; explicitFileType = wrapper.framework; includeInIndex = 0; path = Pods_tumblrFeedUITests.framework; sourceTree = BUILT_PRODUCTS_DIR; };
		B4C203C511D567880581625B /* Pods-tumblrFeed.debug.xcconfig */ = {isa = PBXFileReference; includeInIndex = 1; lastKnownFileType = text.xcconfig; name = "Pods-tumblrFeed.debug.xcconfig"; path = "Pods/Target Support Files/Pods-tumblrFeed/Pods-tumblrFeed.debug.xcconfig"; sourceTree = "<group>"; };
		D0FB3F745E9CA58C1DE7DDC1 /* Pods-tumblrFeedTests.debug.xcconfig */ = {isa = PBXFileReference; includeInIndex = 1; lastKnownFileType = text.xcconfig; name = "Pods-tumblrFeedTests.debug.xcconfig"; path = "Pods/Target Support Files/Pods-tumblrFeedTests/Pods-tumblrFeedTests.debug.xcconfig"; sourceTree = "<group>"; };
		F9717DAC46CC2D387E63FB31 /* Pods_tumblrFeed.framework */ = {isa = PBXFileReference; explicitFileType = wrapper.framework; includeInIndex = 0; path = Pods_tumblrFeed.framework; sourceTree = BUILT_PRODUCTS_DIR; };
/* End PBXFileReference section */

/* Begin PBXFrameworksBuildPhase section */
		287C0931213A0F6700FECBD9 /* Frameworks */ = {
			isa = PBXFrameworksBuildPhase;
			buildActionMask = 2147483647;
			files = (
				DBD9CFC6DECB228C19F69E59 /* Pods_tumblrFeed.framework in Frameworks */,
			);
			runOnlyForDeploymentPostprocessing = 0;
		};
		287C0945213A0F6800FECBD9 /* Frameworks */ = {
			isa = PBXFrameworksBuildPhase;
			buildActionMask = 2147483647;
			files = (
				1015891F03D24ACCC4C3BAC7 /* Pods_tumblrFeedTests.framework in Frameworks */,
			);
			runOnlyForDeploymentPostprocessing = 0;
		};
		287C0950213A0F6800FECBD9 /* Frameworks */ = {
			isa = PBXFrameworksBuildPhase;
			buildActionMask = 2147483647;
			files = (
				7E6627FED604F50909754FE2 /* Pods_tumblrFeedUITests.framework in Frameworks */,
			);
			runOnlyForDeploymentPostprocessing = 0;
		};
/* End PBXFrameworksBuildPhase section */

/* Begin PBXGroup section */
		1B0ABA48D0BCCA7853D956DB /* Frameworks */ = {
			isa = PBXGroup;
			children = (
				F9717DAC46CC2D387E63FB31 /* Pods_tumblrFeed.framework */,
				7452FD02D2690A0FF334142D /* Pods_tumblrFeedTests.framework */,
				9F00D1913224E6B2571B8FA2 /* Pods_tumblrFeedUITests.framework */,
			);
			name = Frameworks;
			sourceTree = "<group>";
		};
		287C092B213A0F6700FECBD9 = {
			isa = PBXGroup;
			children = (
				287C0936213A0F6700FECBD9 /* tumblrFeed */,
				287C094B213A0F6800FECBD9 /* tumblrFeedTests */,
				287C0956213A0F6800FECBD9 /* tumblrFeedUITests */,
				287C0935213A0F6700FECBD9 /* Products */,
				DB46582BE5D71CD1769970A1 /* Pods */,
				1B0ABA48D0BCCA7853D956DB /* Frameworks */,
			);
			sourceTree = "<group>";
		};
		287C0935213A0F6700FECBD9 /* Products */ = {
			isa = PBXGroup;
			children = (
				287C0934213A0F6700FECBD9 /* tumblrFeed.app */,
				287C0948213A0F6800FECBD9 /* tumblrFeedTests.xctest */,
				287C0953213A0F6800FECBD9 /* tumblrFeedUITests.xctest */,
			);
			name = Products;
			sourceTree = "<group>";
		};
		287C0936213A0F6700FECBD9 /* tumblrFeed */ = {
			isa = PBXGroup;
			children = (
				287C0937213A0F6700FECBD9 /* AppDelegate.swift */,
				287C093B213A0F6700FECBD9 /* Main.storyboard */,
				287C093E213A0F6800FECBD9 /* Assets.xcassets */,
				287C0940213A0F6800FECBD9 /* LaunchScreen.storyboard */,
				287C0943213A0F6800FECBD9 /* Info.plist */,
				2854DE7E213A13FA00C68F92 /* PhotosViewController.swift */,
			);
			path = tumblrFeed;
			sourceTree = "<group>";
		};
		287C094B213A0F6800FECBD9 /* tumblrFeedTests */ = {
			isa = PBXGroup;
			children = (
				287C094C213A0F6800FECBD9 /* tumblrFeedTests.swift */,
				287C094E213A0F6800FECBD9 /* Info.plist */,
			);
			path = tumblrFeedTests;
			sourceTree = "<group>";
		};
		287C0956213A0F6800FECBD9 /* tumblrFeedUITests */ = {
			isa = PBXGroup;
			children = (
				287C0957213A0F6800FECBD9 /* tumblrFeedUITests.swift */,
				287C0959213A0F6800FECBD9 /* Info.plist */,
			);
			path = tumblrFeedUITests;
			sourceTree = "<group>";
		};
		DB46582BE5D71CD1769970A1 /* Pods */ = {
			isa = PBXGroup;
			children = (
				B4C203C511D567880581625B /* Pods-tumblrFeed.debug.xcconfig */,
				37FBA8FFCB8B0B5869A53826 /* Pods-tumblrFeed.release.xcconfig */,
				D0FB3F745E9CA58C1DE7DDC1 /* Pods-tumblrFeedTests.debug.xcconfig */,
				32C9161509010109B02AB13C /* Pods-tumblrFeedTests.release.xcconfig */,
				06090FEFBBA47354BA26798B /* Pods-tumblrFeedUITests.debug.xcconfig */,
				747E16489FF58C6E5C9EA6E9 /* Pods-tumblrFeedUITests.release.xcconfig */,
			);
			name = Pods;
			sourceTree = "<group>";
		};
/* End PBXGroup section */

/* Begin PBXNativeTarget section */
		287C0933213A0F6700FECBD9 /* tumblrFeed */ = {
			isa = PBXNativeTarget;
			buildConfigurationList = 287C095C213A0F6800FECBD9 /* Build configuration list for PBXNativeTarget "tumblrFeed" */;
			buildPhases = (
				2513F150B086BEF861B37860 /* [CP] Check Pods Manifest.lock */,
				287C0930213A0F6700FECBD9 /* Sources */,
				287C0931213A0F6700FECBD9 /* Frameworks */,
				287C0932213A0F6700FECBD9 /* Resources */,
				4590A91F6B41E1388CCD6B9A /* [CP] Embed Pods Frameworks */,
			);
			buildRules = (
			);
			dependencies = (
			);
			name = tumblrFeed;
			productName = tumblrFeed;
			productReference = 287C0934213A0F6700FECBD9 /* tumblrFeed.app */;
			productType = "com.apple.product-type.application";
		};
		287C0947213A0F6800FECBD9 /* tumblrFeedTests */ = {
			isa = PBXNativeTarget;
			buildConfigurationList = 287C095F213A0F6800FECBD9 /* Build configuration list for PBXNativeTarget "tumblrFeedTests" */;
			buildPhases = (
				8088BAAD1F33ECEF58A36EAC /* [CP] Check Pods Manifest.lock */,
				287C0944213A0F6800FECBD9 /* Sources */,
				287C0945213A0F6800FECBD9 /* Frameworks */,
				287C0946213A0F6800FECBD9 /* Resources */,
			);
			buildRules = (
			);
			dependencies = (
				287C094A213A0F6800FECBD9 /* PBXTargetDependency */,
			);
			name = tumblrFeedTests;
			productName = tumblrFeedTests;
			productReference = 287C0948213A0F6800FECBD9 /* tumblrFeedTests.xctest */;
			productType = "com.apple.product-type.bundle.unit-test";
		};
		287C0952213A0F6800FECBD9 /* tumblrFeedUITests */ = {
			isa = PBXNativeTarget;
			buildConfigurationList = 287C0962213A0F6800FECBD9 /* Build configuration list for PBXNativeTarget "tumblrFeedUITests" */;
			buildPhases = (
				A292D13920E57EF37F8ED0DA /* [CP] Check Pods Manifest.lock */,
				287C094F213A0F6800FECBD9 /* Sources */,
				287C0950213A0F6800FECBD9 /* Frameworks */,
				287C0951213A0F6800FECBD9 /* Resources */,
			);
			buildRules = (
			);
			dependencies = (
				287C0955213A0F6800FECBD9 /* PBXTargetDependency */,
			);
			name = tumblrFeedUITests;
			productName = tumblrFeedUITests;
			productReference = 287C0953213A0F6800FECBD9 /* tumblrFeedUITests.xctest */;
			productType = "com.apple.product-type.bundle.ui-testing";
		};
/* End PBXNativeTarget section */

/* Begin PBXProject section */
		287C092C213A0F6700FECBD9 /* Project object */ = {
			isa = PBXProject;
			attributes = {
				LastSwiftUpdateCheck = 0940;
				LastUpgradeCheck = 0940;
				ORGANIZATIONNAME = "Neil Shah";
				TargetAttributes = {
					287C0933213A0F6700FECBD9 = {
						CreatedOnToolsVersion = 9.4.1;
					};
					287C0947213A0F6800FECBD9 = {
						CreatedOnToolsVersion = 9.4.1;
						TestTargetID = 287C0933213A0F6700FECBD9;
					};
					287C0952213A0F6800FECBD9 = {
						CreatedOnToolsVersion = 9.4.1;
						TestTargetID = 287C0933213A0F6700FECBD9;
					};
				};
			};
			buildConfigurationList = 287C092F213A0F6700FECBD9 /* Build configuration list for PBXProject "tumblrFeed" */;
			compatibilityVersion = "Xcode 9.3";
			developmentRegion = en;
			hasScannedForEncodings = 0;
			knownRegions = (
				en,
				Base,
			);
			mainGroup = 287C092B213A0F6700FECBD9;
			productRefGroup = 287C0935213A0F6700FECBD9 /* Products */;
			projectDirPath = "";
			projectRoot = "";
			targets = (
				287C0933213A0F6700FECBD9 /* tumblrFeed */,
				287C0947213A0F6800FECBD9 /* tumblrFeedTests */,
				287C0952213A0F6800FECBD9 /* tumblrFeedUITests */,
			);
		};
/* End PBXProject section */

/* Begin PBXResourcesBuildPhase section */
		287C0932213A0F6700FECBD9 /* Resources */ = {
			isa = PBXResourcesBuildPhase;
			buildActionMask = 2147483647;
			files = (
				287C0942213A0F6800FECBD9 /* LaunchScreen.storyboard in Resources */,
				287C093F213A0F6800FECBD9 /* Assets.xcassets in Resources */,
				287C093D213A0F6700FECBD9 /* Main.storyboard in Resources */,
			);
			runOnlyForDeploymentPostprocessing = 0;
		};
		287C0946213A0F6800FECBD9 /* Resources */ = {
			isa = PBXResourcesBuildPhase;
			buildActionMask = 2147483647;
			files = (
			);
			runOnlyForDeploymentPostprocessing = 0;
		};
		287C0951213A0F6800FECBD9 /* Resources */ = {
			isa = PBXResourcesBuildPhase;
			buildActionMask = 2147483647;
			files = (
			);
			runOnlyForDeploymentPostprocessing = 0;
		};
/* End PBXResourcesBuildPhase section */

/* Begin PBXShellScriptBuildPhase section */
		2513F150B086BEF861B37860 /* [CP] Check Pods Manifest.lock */ = {
			isa = PBXShellScriptBuildPhase;
			buildActionMask = 2147483647;
			files = (
			);
			inputPaths = (
				"${PODS_PODFILE_DIR_PATH}/Podfile.lock",
				"${PODS_ROOT}/Manifest.lock",
			);
			name = "[CP] Check Pods Manifest.lock";
			outputPaths = (
				"$(DERIVED_FILE_DIR)/Pods-tumblrFeed-checkManifestLockResult.txt",
			);
			runOnlyForDeploymentPostprocessing = 0;
			shellPath = /bin/sh;
			shellScript = "diff \"${PODS_PODFILE_DIR_PATH}/Podfile.lock\" \"${PODS_ROOT}/Manifest.lock\" > /dev/null\nif [ $? != 0 ] ; then\n    # print error to STDERR\n    echo \"error: The sandbox is not in sync with the Podfile.lock. Run 'pod install' or update your CocoaPods installation.\" >&2\n    exit 1\nfi\n# This output is used by Xcode 'outputs' to avoid re-running this script phase.\necho \"SUCCESS\" > \"${SCRIPT_OUTPUT_FILE_0}\"\n";
			showEnvVarsInLog = 0;
		};
		4590A91F6B41E1388CCD6B9A /* [CP] Embed Pods Frameworks */ = {
			isa = PBXShellScriptBuildPhase;
			buildActionMask = 2147483647;
			files = (
			);
			inputPaths = (
				"${SRCROOT}/Pods/Target Support Files/Pods-tumblrFeed/Pods-tumblrFeed-frameworks.sh",
				"${BUILT_PRODUCTS_DIR}/Alamofire/Alamofire.framework",
				"${BUILT_PRODUCTS_DIR}/AlamofireImage/AlamofireImage.framework",
				"${BUILT_PRODUCTS_DIR}/OAuthSwift/OAuthSwift.framework",
				"${BUILT_PRODUCTS_DIR}/OAuthSwiftAlamofire/OAuthSwiftAlamofire.framework",
			);
			name = "[CP] Embed Pods Frameworks";
			outputPaths = (
				"${TARGET_BUILD_DIR}/${FRAMEWORKS_FOLDER_PATH}/Alamofire.framework",
				"${TARGET_BUILD_DIR}/${FRAMEWORKS_FOLDER_PATH}/AlamofireImage.framework",
				"${TARGET_BUILD_DIR}/${FRAMEWORKS_FOLDER_PATH}/OAuthSwift.framework",
				"${TARGET_BUILD_DIR}/${FRAMEWORKS_FOLDER_PATH}/OAuthSwiftAlamofire.framework",
			);
			runOnlyForDeploymentPostprocessing = 0;
			shellPath = /bin/sh;
			shellScript = "\"${SRCROOT}/Pods/Target Support Files/Pods-tumblrFeed/Pods-tumblrFeed-frameworks.sh\"\n";
			showEnvVarsInLog = 0;
		};
		8088BAAD1F33ECEF58A36EAC /* [CP] Check Pods Manifest.lock */ = {
			isa = PBXShellScriptBuildPhase;
			buildActionMask = 2147483647;
			files = (
			);
			inputPaths = (
				"${PODS_PODFILE_DIR_PATH}/Podfile.lock",
				"${PODS_ROOT}/Manifest.lock",
			);
			name = "[CP] Check Pods Manifest.lock";
			outputPaths = (
				"$(DERIVED_FILE_DIR)/Pods-tumblrFeedTests-checkManifestLockResult.txt",
			);
			runOnlyForDeploymentPostprocessing = 0;
			shellPath = /bin/sh;
			shellScript = "diff \"${PODS_PODFILE_DIR_PATH}/Podfile.lock\" \"${PODS_ROOT}/Manifest.lock\" > /dev/null\nif [ $? != 0 ] ; then\n    # print error to STDERR\n    echo \"error: The sandbox is not in sync with the Podfile.lock. Run 'pod install' or update your CocoaPods installation.\" >&2\n    exit 1\nfi\n# This output is used by Xcode 'outputs' to avoid re-running this script phase.\necho \"SUCCESS\" > \"${SCRIPT_OUTPUT_FILE_0}\"\n";
			showEnvVarsInLog = 0;
		};
		A292D13920E57EF37F8ED0DA /* [CP] Check Pods Manifest.lock */ = {
			isa = PBXShellScriptBuildPhase;
			buildActionMask = 2147483647;
			files = (
			);
			inputPaths = (
				"${PODS_PODFILE_DIR_PATH}/Podfile.lock",
				"${PODS_ROOT}/Manifest.lock",
			);
			name = "[CP] Check Pods Manifest.lock";
			outputPaths = (
				"$(DERIVED_FILE_DIR)/Pods-tumblrFeedUITests-checkManifestLockResult.txt",
			);
			runOnlyForDeploymentPostprocessing = 0;
			shellPath = /bin/sh;
			shellScript = "diff \"${PODS_PODFILE_DIR_PATH}/Podfile.lock\" \"${PODS_ROOT}/Manifest.lock\" > /dev/null\nif [ $? != 0 ] ; then\n    # print error to STDERR\n    echo \"error: The sandbox is not in sync with the Podfile.lock. Run 'pod install' or update your CocoaPods installation.\" >&2\n    exit 1\nfi\n# This output is used by Xcode 'outputs' to avoid re-running this script phase.\necho \"SUCCESS\" > \"${SCRIPT_OUTPUT_FILE_0}\"\n";
			showEnvVarsInLog = 0;
		};
/* End PBXShellScriptBuildPhase section */

/* Begin PBXSourcesBuildPhase section */
		287C0930213A0F6700FECBD9 /* Sources */ = {
			isa = PBXSourcesBuildPhase;
			buildActionMask = 2147483647;
			files = (
				287C0938213A0F6700FECBD9 /* AppDelegate.swift in Sources */,
				2854DE7F213A13FA00C68F92 /* PhotosViewController.swift in Sources */,
			);
			runOnlyForDeploymentPostprocessing = 0;
		};
		287C0944213A0F6800FECBD9 /* Sources */ = {
			isa = PBXSourcesBuildPhase;
			buildActionMask = 2147483647;
			files = (
				287C094D213A0F6800FECBD9 /* tumblrFeedTests.swift in Sources */,
			);
			runOnlyForDeploymentPostprocessing = 0;
		};
		287C094F213A0F6800FECBD9 /* Sources */ = {
			isa = PBXSourcesBuildPhase;
			buildActionMask = 2147483647;
			files = (
				287C0958213A0F6800FECBD9 /* tumblrFeedUITests.swift in Sources */,
			);
			runOnlyForDeploymentPostprocessing = 0;
		};
/* End PBXSourcesBuildPhase section */

/* Begin PBXTargetDependency section */
		287C094A213A0F6800FECBD9 /* PBXTargetDependency */ = {
			isa = PBXTargetDependency;
			target = 287C0933213A0F6700FECBD9 /* tumblrFeed */;
			targetProxy = 287C0949213A0F6800FECBD9 /* PBXContainerItemProxy */;
		};
		287C0955213A0F6800FECBD9 /* PBXTargetDependency */ = {
			isa = PBXTargetDependency;
			target = 287C0933213A0F6700FECBD9 /* tumblrFeed */;
			targetProxy = 287C0954213A0F6800FECBD9 /* PBXContainerItemProxy */;
		};
/* End PBXTargetDependency section */

/* Begin PBXVariantGroup section */
		287C093B213A0F6700FECBD9 /* Main.storyboard */ = {
			isa = PBXVariantGroup;
			children = (
				287C093C213A0F6700FECBD9 /* Base */,
			);
			name = Main.storyboard;
			sourceTree = "<group>";
		};
		287C0940213A0F6800FECBD9 /* LaunchScreen.storyboard */ = {
			isa = PBXVariantGroup;
			children = (
				287C0941213A0F6800FECBD9 /* Base */,
			);
			name = LaunchScreen.storyboard;
			sourceTree = "<group>";
		};
/* End PBXVariantGroup section */

/* Begin XCBuildConfiguration section */
		287C095A213A0F6800FECBD9 /* Debug */ = {
			isa = XCBuildConfiguration;
			buildSettings = {
				ALWAYS_SEARCH_USER_PATHS = NO;
				CLANG_ANALYZER_NONNULL = YES;
				CLANG_ANALYZER_NUMBER_OBJECT_CONVERSION = YES_AGGRESSIVE;
				CLANG_CXX_LANGUAGE_STANDARD = "gnu++14";
				CLANG_CXX_LIBRARY = "libc++";
				CLANG_ENABLE_MODULES = YES;
				CLANG_ENABLE_OBJC_ARC = YES;
				CLANG_ENABLE_OBJC_WEAK = YES;
				CLANG_WARN_BLOCK_CAPTURE_AUTORELEASING = YES;
				CLANG_WARN_BOOL_CONVERSION = YES;
				CLANG_WARN_COMMA = YES;
				CLANG_WARN_CONSTANT_CONVERSION = YES;
				CLANG_WARN_DEPRECATED_OBJC_IMPLEMENTATIONS = YES;
				CLANG_WARN_DIRECT_OBJC_ISA_USAGE = YES_ERROR;
				CLANG_WARN_DOCUMENTATION_COMMENTS = YES;
				CLANG_WARN_EMPTY_BODY = YES;
				CLANG_WARN_ENUM_CONVERSION = YES;
				CLANG_WARN_INFINITE_RECURSION = YES;
				CLANG_WARN_INT_CONVERSION = YES;
				CLANG_WARN_NON_LITERAL_NULL_CONVERSION = YES;
				CLANG_WARN_OBJC_IMPLICIT_RETAIN_SELF = YES;
				CLANG_WARN_OBJC_LITERAL_CONVERSION = YES;
				CLANG_WARN_OBJC_ROOT_CLASS = YES_ERROR;
				CLANG_WARN_RANGE_LOOP_ANALYSIS = YES;
				CLANG_WARN_STRICT_PROTOTYPES = YES;
				CLANG_WARN_SUSPICIOUS_MOVE = YES;
				CLANG_WARN_UNGUARDED_AVAILABILITY = YES_AGGRESSIVE;
				CLANG_WARN_UNREACHABLE_CODE = YES;
				CLANG_WARN__DUPLICATE_METHOD_MATCH = YES;
				CODE_SIGN_IDENTITY = "iPhone Developer";
				COPY_PHASE_STRIP = NO;
				DEBUG_INFORMATION_FORMAT = dwarf;
				ENABLE_STRICT_OBJC_MSGSEND = YES;
				ENABLE_TESTABILITY = YES;
				GCC_C_LANGUAGE_STANDARD = gnu11;
				GCC_DYNAMIC_NO_PIC = NO;
				GCC_NO_COMMON_BLOCKS = YES;
				GCC_OPTIMIZATION_LEVEL = 0;
				GCC_PREPROCESSOR_DEFINITIONS = (
					"DEBUG=1",
					"$(inherited)",
				);
				GCC_WARN_64_TO_32_BIT_CONVERSION = YES;
				GCC_WARN_ABOUT_RETURN_TYPE = YES_ERROR;
				GCC_WARN_UNDECLARED_SELECTOR = YES;
				GCC_WARN_UNINITIALIZED_AUTOS = YES_AGGRESSIVE;
				GCC_WARN_UNUSED_FUNCTION = YES;
				GCC_WARN_UNUSED_VARIABLE = YES;
				IPHONEOS_DEPLOYMENT_TARGET = 11.4;
				MTL_ENABLE_DEBUG_INFO = YES;
				ONLY_ACTIVE_ARCH = YES;
				SDKROOT = iphoneos;
				SWIFT_ACTIVE_COMPILATION_CONDITIONS = DEBUG;
				SWIFT_OPTIMIZATION_LEVEL = "-Onone";
			};
			name = Debug;
		};
		287C095B213A0F6800FECBD9 /* Release */ = {
			isa = XCBuildConfiguration;
			buildSettings = {
				ALWAYS_SEARCH_USER_PATHS = NO;
				CLANG_ANALYZER_NONNULL = YES;
				CLANG_ANALYZER_NUMBER_OBJECT_CONVERSION = YES_AGGRESSIVE;
				CLANG_CXX_LANGUAGE_STANDARD = "gnu++14";
				CLANG_CXX_LIBRARY = "libc++";
				CLANG_ENABLE_MODULES = YES;
				CLANG_ENABLE_OBJC_ARC = YES;
				CLANG_ENABLE_OBJC_WEAK = YES;
				CLANG_WARN_BLOCK_CAPTURE_AUTORELEASING = YES;
				CLANG_WARN_BOOL_CONVERSION = YES;
				CLANG_WARN_COMMA = YES;
				CLANG_WARN_CONSTANT_CONVERSION = YES;
				CLANG_WARN_DEPRECATED_OBJC_IMPLEMENTATIONS = YES;
				CLANG_WARN_DIRECT_OBJC_ISA_USAGE = YES_ERROR;
				CLANG_WARN_DOCUMENTATION_COMMENTS = YES;
				CLANG_WARN_EMPTY_BODY = YES;
				CLANG_WARN_ENUM_CONVERSION = YES;
				CLANG_WARN_INFINITE_RECURSION = YES;
				CLANG_WARN_INT_CONVERSION = YES;
				CLANG_WARN_NON_LITERAL_NULL_CONVERSION = YES;
				CLANG_WARN_OBJC_IMPLICIT_RETAIN_SELF = YES;
				CLANG_WARN_OBJC_LITERAL_CONVERSION = YES;
				CLANG_WARN_OBJC_ROOT_CLASS = YES_ERROR;
				CLANG_WARN_RANGE_LOOP_ANALYSIS = YES;
				CLANG_WARN_STRICT_PROTOTYPES = YES;
				CLANG_WARN_SUSPICIOUS_MOVE = YES;
				CLANG_WARN_UNGUARDED_AVAILABILITY = YES_AGGRESSIVE;
				CLANG_WARN_UNREACHABLE_CODE = YES;
				CLANG_WARN__DUPLICATE_METHOD_MATCH = YES;
				CODE_SIGN_IDENTITY = "iPhone Developer";
				COPY_PHASE_STRIP = NO;
				DEBUG_INFORMATION_FORMAT = "dwarf-with-dsym";
				ENABLE_NS_ASSERTIONS = NO;
				ENABLE_STRICT_OBJC_MSGSEND = YES;
				GCC_C_LANGUAGE_STANDARD = gnu11;
				GCC_NO_COMMON_BLOCKS = YES;
				GCC_WARN_64_TO_32_BIT_CONVERSION = YES;
				GCC_WARN_ABOUT_RETURN_TYPE = YES_ERROR;
				GCC_WARN_UNDECLARED_SELECTOR = YES;
				GCC_WARN_UNINITIALIZED_AUTOS = YES_AGGRESSIVE;
				GCC_WARN_UNUSED_FUNCTION = YES;
				GCC_WARN_UNUSED_VARIABLE = YES;
				IPHONEOS_DEPLOYMENT_TARGET = 11.4;
				MTL_ENABLE_DEBUG_INFO = NO;
				SDKROOT = iphoneos;
				SWIFT_COMPILATION_MODE = wholemodule;
				SWIFT_OPTIMIZATION_LEVEL = "-O";
				VALIDATE_PRODUCT = YES;
			};
			name = Release;
		};
		287C095D213A0F6800FECBD9 /* Debug */ = {
			isa = XCBuildConfiguration;
			baseConfigurationReference = B4C203C511D567880581625B /* Pods-tumblrFeed.debug.xcconfig */;
			buildSettings = {
				ASSETCATALOG_COMPILER_APPICON_NAME = AppIcon;
				CODE_SIGN_STYLE = Automatic;
				INFOPLIST_FILE = tumblrFeed/Info.plist;
				LD_RUNPATH_SEARCH_PATHS = (
					"$(inherited)",
					"@executable_path/Frameworks",
				);
				PRODUCT_BUNDLE_IDENTIFIER = neilshah.tumblrFeed;
				PRODUCT_NAME = "$(TARGET_NAME)";
				SWIFT_VERSION = 4.0;
				TARGETED_DEVICE_FAMILY = "1,2";
			};
			name = Debug;
		};
		287C095E213A0F6800FECBD9 /* Release */ = {
			isa = XCBuildConfiguration;
			baseConfigurationReference = 37FBA8FFCB8B0B5869A53826 /* Pods-tumblrFeed.release.xcconfig */;
			buildSettings = {
				ASSETCATALOG_COMPILER_APPICON_NAME = AppIcon;
				CODE_SIGN_STYLE = Automatic;
				INFOPLIST_FILE = tumblrFeed/Info.plist;
				LD_RUNPATH_SEARCH_PATHS = (
					"$(inherited)",
					"@executable_path/Frameworks",
				);
				PRODUCT_BUNDLE_IDENTIFIER = neilshah.tumblrFeed;
				PRODUCT_NAME = "$(TARGET_NAME)";
				SWIFT_VERSION = 4.0;
				TARGETED_DEVICE_FAMILY = "1,2";
			};
			name = Release;
		};
		287C0960213A0F6800FECBD9 /* Debug */ = {
			isa = XCBuildConfiguration;
			baseConfigurationReference = D0FB3F745E9CA58C1DE7DDC1 /* Pods-tumblrFeedTests.debug.xcconfig */;
			buildSettings = {
				ALWAYS_EMBED_SWIFT_STANDARD_LIBRARIES = YES;
				BUNDLE_LOADER = "$(TEST_HOST)";
				CODE_SIGN_STYLE = Automatic;
				INFOPLIST_FILE = tumblrFeedTests/Info.plist;
				LD_RUNPATH_SEARCH_PATHS = (
					"$(inherited)",
					"@executable_path/Frameworks",
					"@loader_path/Frameworks",
				);
				PRODUCT_BUNDLE_IDENTIFIER = neilshah.tumblrFeedTests;
				PRODUCT_NAME = "$(TARGET_NAME)";
				SWIFT_VERSION = 4.0;
				TARGETED_DEVICE_FAMILY = "1,2";
				TEST_HOST = "$(BUILT_PRODUCTS_DIR)/tumblrFeed.app/tumblrFeed";
			};
			name = Debug;
		};
		287C0961213A0F6800FECBD9 /* Release */ = {
			isa = XCBuildConfiguration;
			baseConfigurationReference = 32C9161509010109B02AB13C /* Pods-tumblrFeedTests.release.xcconfig */;
			buildSettings = {
				ALWAYS_EMBED_SWIFT_STANDARD_LIBRARIES = YES;
				BUNDLE_LOADER = "$(TEST_HOST)";
				CODE_SIGN_STYLE = Automatic;
				INFOPLIST_FILE = tumblrFeedTests/Info.plist;
				LD_RUNPATH_SEARCH_PATHS = (
					"$(inherited)",
					"@executable_path/Frameworks",
					"@loader_path/Frameworks",
				);
				PRODUCT_BUNDLE_IDENTIFIER = neilshah.tumblrFeedTests;
				PRODUCT_NAME = "$(TARGET_NAME)";
				SWIFT_VERSION = 4.0;
				TARGETED_DEVICE_FAMILY = "1,2";
				TEST_HOST = "$(BUILT_PRODUCTS_DIR)/tumblrFeed.app/tumblrFeed";
			};
			name = Release;
		};
		287C0963213A0F6800FECBD9 /* Debug */ = {
			isa = XCBuildConfiguration;
			baseConfigurationReference = 06090FEFBBA47354BA26798B /* Pods-tumblrFeedUITests.debug.xcconfig */;
			buildSettings = {
				ALWAYS_EMBED_SWIFT_STANDARD_LIBRARIES = YES;
				CODE_SIGN_STYLE = Automatic;
				INFOPLIST_FILE = tumblrFeedUITests/Info.plist;
				LD_RUNPATH_SEARCH_PATHS = (
					"$(inherited)",
					"@executable_path/Frameworks",
					"@loader_path/Frameworks",
				);
				PRODUCT_BUNDLE_IDENTIFIER = neilshah.tumblrFeedUITests;
				PRODUCT_NAME = "$(TARGET_NAME)";
				SWIFT_VERSION = 4.0;
				TARGETED_DEVICE_FAMILY = "1,2";
				TEST_TARGET_NAME = tumblrFeed;
			};
			name = Debug;
		};
		287C0964213A0F6800FECBD9 /* Release */ = {
			isa = XCBuildConfiguration;
			baseConfigurationReference = 747E16489FF58C6E5C9EA6E9 /* Pods-tumblrFeedUITests.release.xcconfig */;
			buildSettings = {
				ALWAYS_EMBED_SWIFT_STANDARD_LIBRARIES = YES;
				CODE_SIGN_STYLE = Automatic;
				INFOPLIST_FILE = tumblrFeedUITests/Info.plist;
				LD_RUNPATH_SEARCH_PATHS = (
					"$(inherited)",
					"@executable_path/Frameworks",
					"@loader_path/Frameworks",
				);
				PRODUCT_BUNDLE_IDENTIFIER = neilshah.tumblrFeedUITests;
				PRODUCT_NAME = "$(TARGET_NAME)";
				SWIFT_VERSION = 4.0;
				TARGETED_DEVICE_FAMILY = "1,2";
				TEST_TARGET_NAME = tumblrFeed;
			};
			name = Release;
		};
/* End XCBuildConfiguration section */

/* Begin XCConfigurationList section */
		287C092F213A0F6700FECBD9 /* Build configuration list for PBXProject "tumblrFeed" */ = {
			isa = XCConfigurationList;
			buildConfigurations = (
				287C095A213A0F6800FECBD9 /* Debug */,
				287C095B213A0F6800FECBD9 /* Release */,
			);
			defaultConfigurationIsVisible = 0;
			defaultConfigurationName = Release;
		};
		287C095C213A0F6800FECBD9 /* Build configuration list for PBXNativeTarget "tumblrFeed" */ = {
			isa = XCConfigurationList;
			buildConfigurations = (
				287C095D213A0F6800FECBD9 /* Debug */,
				287C095E213A0F6800FECBD9 /* Release */,
			);
			defaultConfigurationIsVisible = 0;
			defaultConfigurationName = Release;
		};
		287C095F213A0F6800FECBD9 /* Build configuration list for PBXNativeTarget "tumblrFeedTests" */ = {
			isa = XCConfigurationList;
			buildConfigurations = (
				287C0960213A0F6800FECBD9 /* Debug */,
				287C0961213A0F6800FECBD9 /* Release */,
			);
			defaultConfigurationIsVisible = 0;
			defaultConfigurationName = Release;
		};
		287C0962213A0F6800FECBD9 /* Build configuration list for PBXNativeTarget "tumblrFeedUITests" */ = {
			isa = XCConfigurationList;
			buildConfigurations = (
				287C0963213A0F6800FECBD9 /* Debug */,
				287C0964213A0F6800FECBD9 /* Release */,
			);
			defaultConfigurationIsVisible = 0;
			defaultConfigurationName = Release;
		};
/* End XCConfigurationList section */
	};
	rootObject = 287C092C213A0F6700FECBD9 /* Project object */;
}
